// !$*UTF8*$!
{
	archiveVersion = 1;
	classes = {
	};
	objectVersion = 55;
	objects = {

/* Begin PBXBuildFile section */
		9F433BAE27E8C5FE00824A65 /* KeychainItem.swift in Sources */ = {isa = PBXBuildFile; fileRef = 9F433BAD27E8C5FE00824A65 /* KeychainItem.swift */; };
		9F433BAF27E8C5FE00824A65 /* KeychainItem.swift in Sources */ = {isa = PBXBuildFile; fileRef = 9F433BAD27E8C5FE00824A65 /* KeychainItem.swift */; };
		9F433BB627E9D55400824A65 /* Color.swift in Sources */ = {isa = PBXBuildFile; fileRef = 9F62104B27E4CD0A005F94BB /* Color.swift */; };
		9F4F76BD27F1AF8900A20E48 /* FirebaseUser.swift in Sources */ = {isa = PBXBuildFile; fileRef = 9F4F76BC27F1AF8900A20E48 /* FirebaseUser.swift */; };
		9F4F76BE27F1AF8900A20E48 /* FirebaseUser.swift in Sources */ = {isa = PBXBuildFile; fileRef = 9F4F76BC27F1AF8900A20E48 /* FirebaseUser.swift */; };
		9F4F76C027F1B3C500A20E48 /* SignInView.swift in Sources */ = {isa = PBXBuildFile; fileRef = 9F4F76BF27F1B3C500A20E48 /* SignInView.swift */; };
		9F4F76C127F1B3C500A20E48 /* SignInView.swift in Sources */ = {isa = PBXBuildFile; fileRef = 9F4F76BF27F1B3C500A20E48 /* SignInView.swift */; };
		9F4F76C727F6142700A20E48 /* AppState.swift in Sources */ = {isa = PBXBuildFile; fileRef = 9F4F76C627F6142700A20E48 /* AppState.swift */; };
		9F4F76C827F6142700A20E48 /* AppState.swift in Sources */ = {isa = PBXBuildFile; fileRef = 9F4F76C627F6142700A20E48 /* AppState.swift */; };
		9F4F76CA27F6DBC100A20E48 /* ScannerCameraDelegate.swift in Sources */ = {isa = PBXBuildFile; fileRef = 9F4F76C927F6DBC100A20E48 /* ScannerCameraDelegate.swift */; };
		9F4F76CB27F6DBC100A20E48 /* ScannerCameraDelegate.swift in Sources */ = {isa = PBXBuildFile; fileRef = 9F4F76C927F6DBC100A20E48 /* ScannerCameraDelegate.swift */; };
		9F4F76CD27F6DD2100A20E48 /* FirebaseFirestoreSwift-Beta in Frameworks */ = {isa = PBXBuildFile; productRef = 9F4F76CC27F6DD2100A20E48 /* FirebaseFirestoreSwift-Beta */; };
		9F4F76CF27F6DD2900A20E48 /* FirebaseFirestoreSwift-Beta in Frameworks */ = {isa = PBXBuildFile; productRef = 9F4F76CE27F6DD2900A20E48 /* FirebaseFirestoreSwift-Beta */; };
		9F4F76D127F7337600A20E48 /* SplashView.swift in Sources */ = {isa = PBXBuildFile; fileRef = 9F4F76D027F7337600A20E48 /* SplashView.swift */; };
		9F4F76D227F7337600A20E48 /* SplashView.swift in Sources */ = {isa = PBXBuildFile; fileRef = 9F4F76D027F7337600A20E48 /* SplashView.swift */; };
		9F4F76D427F7340500A20E48 /* Image.swift in Sources */ = {isa = PBXBuildFile; fileRef = 9F4F76D327F7340500A20E48 /* Image.swift */; };
		9F4F76D527F7340500A20E48 /* Image.swift in Sources */ = {isa = PBXBuildFile; fileRef = 9F4F76D327F7340500A20E48 /* Image.swift */; };
		9F4F76D727F7418100A20E48 /* BookViewModel.swift in Sources */ = {isa = PBXBuildFile; fileRef = 9F4F76D627F7418100A20E48 /* BookViewModel.swift */; };
		9F4F76D827F7418100A20E48 /* BookViewModel.swift in Sources */ = {isa = PBXBuildFile; fileRef = 9F4F76D627F7418100A20E48 /* BookViewModel.swift */; };
		9F4F76DA27F7465F00A20E48 /* Book.swift in Sources */ = {isa = PBXBuildFile; fileRef = 9F4F76D927F7465F00A20E48 /* Book.swift */; };
		9F4F76DB27F7465F00A20E48 /* Book.swift in Sources */ = {isa = PBXBuildFile; fileRef = 9F4F76D927F7465F00A20E48 /* Book.swift */; };
		9F5221E727EDF59F00B17E0F /* LibraryView.swift in Sources */ = {isa = PBXBuildFile; fileRef = 9F5221E627EDF59F00B17E0F /* LibraryView.swift */; };
		9F5221E827EDF59F00B17E0F /* LibraryView.swift in Sources */ = {isa = PBXBuildFile; fileRef = 9F5221E627EDF59F00B17E0F /* LibraryView.swift */; };
		9F5221EA27EE006A00B17E0F /* SignInWithAppleFirebase.swift in Sources */ = {isa = PBXBuildFile; fileRef = 9F5221E927EE006900B17E0F /* SignInWithAppleFirebase.swift */; };
		9F5221EB27EE006A00B17E0F /* SignInWithAppleFirebase.swift in Sources */ = {isa = PBXBuildFile; fileRef = 9F5221E927EE006900B17E0F /* SignInWithAppleFirebase.swift */; };
		9F62104C27E4CD0A005F94BB /* Color.swift in Sources */ = {isa = PBXBuildFile; fileRef = 9F62104B27E4CD0A005F94BB /* Color.swift */; };
		9FB9B35027D1429100BBF35A /* Tests_iOS.swift in Sources */ = {isa = PBXBuildFile; fileRef = 9FB9B34F27D1429100BBF35A /* Tests_iOS.swift */; };
		9FB9B35227D1429100BBF35A /* Tests_iOSLaunchTests.swift in Sources */ = {isa = PBXBuildFile; fileRef = 9FB9B35127D1429100BBF35A /* Tests_iOSLaunchTests.swift */; };
		9FB9B35C27D1429100BBF35A /* Tests_macOS.swift in Sources */ = {isa = PBXBuildFile; fileRef = 9FB9B35B27D1429100BBF35A /* Tests_macOS.swift */; };
		9FB9B35E27D1429100BBF35A /* Tests_macOSLaunchTests.swift in Sources */ = {isa = PBXBuildFile; fileRef = 9FB9B35D27D1429100BBF35A /* Tests_macOSLaunchTests.swift */; };
		9FB9B35F27D1429100BBF35A /* NativeBookLibraryApp.swift in Sources */ = {isa = PBXBuildFile; fileRef = 9FB9B33727D1429000BBF35A /* NativeBookLibraryApp.swift */; };
		9FB9B36027D1429100BBF35A /* NativeBookLibraryApp.swift in Sources */ = {isa = PBXBuildFile; fileRef = 9FB9B33727D1429000BBF35A /* NativeBookLibraryApp.swift */; };
		9FB9B36127D1429100BBF35A /* ContentView.swift in Sources */ = {isa = PBXBuildFile; fileRef = 9FB9B33827D1429000BBF35A /* ContentView.swift */; };
		9FB9B36227D1429100BBF35A /* ContentView.swift in Sources */ = {isa = PBXBuildFile; fileRef = 9FB9B33827D1429000BBF35A /* ContentView.swift */; };
		9FB9B36327D1429100BBF35A /* Assets.xcassets in Resources */ = {isa = PBXBuildFile; fileRef = 9FB9B33927D1429100BBF35A /* Assets.xcassets */; };
		9FB9B36427D1429100BBF35A /* Assets.xcassets in Resources */ = {isa = PBXBuildFile; fileRef = 9FB9B33927D1429100BBF35A /* Assets.xcassets */; };
		9FB9B37427D142EA00BBF35A /* GoogleService-Info.plist in Resources */ = {isa = PBXBuildFile; fileRef = 9FB9B37327D142EA00BBF35A /* GoogleService-Info.plist */; };
		9FB9B37527D142EA00BBF35A /* GoogleService-Info.plist in Resources */ = {isa = PBXBuildFile; fileRef = 9FB9B37327D142EA00BBF35A /* GoogleService-Info.plist */; };
		9FB9B37827D1450200BBF35A /* FirebaseAuth in Frameworks */ = {isa = PBXBuildFile; productRef = 9FB9B37727D1450200BBF35A /* FirebaseAuth */; };
		9FB9B37A27D1450200BBF35A /* FirebaseFirestore in Frameworks */ = {isa = PBXBuildFile; productRef = 9FB9B37927D1450200BBF35A /* FirebaseFirestore */; };
		9FB9B37D27D1455700BBF35A /* FirebaseAuth in Frameworks */ = {isa = PBXBuildFile; productRef = 9FB9B37C27D1455700BBF35A /* FirebaseAuth */; };
		9FB9B37F27D1455700BBF35A /* FirebaseFirestore in Frameworks */ = {isa = PBXBuildFile; productRef = 9FB9B37E27D1455700BBF35A /* FirebaseFirestore */; };
		9FBE400627DA76EB0054B7A1 /* ScannerView.swift in Sources */ = {isa = PBXBuildFile; fileRef = 9FBE400527DA76EB0054B7A1 /* ScannerView.swift */; };
		9FBE400727DA76EB0054B7A1 /* ScannerView.swift in Sources */ = {isa = PBXBuildFile; fileRef = 9FBE400527DA76EB0054B7A1 /* ScannerView.swift */; };
		9FBE400927DA76F50054B7A1 /* ScannerViewModel.swift in Sources */ = {isa = PBXBuildFile; fileRef = 9FBE400827DA76F50054B7A1 /* ScannerViewModel.swift */; };
		9FBE400A27DA76F50054B7A1 /* ScannerViewModel.swift in Sources */ = {isa = PBXBuildFile; fileRef = 9FBE400827DA76F50054B7A1 /* ScannerViewModel.swift */; };
		9FBE400C27DA98C60054B7A1 /* OnlineBook.swift in Sources */ = {isa = PBXBuildFile; fileRef = 9FBE400B27DA98C60054B7A1 /* OnlineBook.swift */; };
		9FBE400D27DA98C60054B7A1 /* OnlineBook.swift in Sources */ = {isa = PBXBuildFile; fileRef = 9FBE400B27DA98C60054B7A1 /* OnlineBook.swift */; };
		9FBE401127DB69E90054B7A1 /* OnlineBooks.swift in Sources */ = {isa = PBXBuildFile; fileRef = 9FBE401027DB69E90054B7A1 /* OnlineBooks.swift */; };
		9FBE401227DB69E90054B7A1 /* OnlineBooks.swift in Sources */ = {isa = PBXBuildFile; fileRef = 9FBE401027DB69E90054B7A1 /* OnlineBooks.swift */; };
		9FBE401427DB80480054B7A1 /* BarcodeScannerView.swift in Sources */ = {isa = PBXBuildFile; fileRef = 9FBE401327DB80480054B7A1 /* BarcodeScannerView.swift */; };
		9FBE401527DB80480054B7A1 /* BarcodeScannerView.swift in Sources */ = {isa = PBXBuildFile; fileRef = 9FBE401327DB80480054B7A1 /* BarcodeScannerView.swift */; };
		9FBE401727DB80790054B7A1 /* CameraPreview.swift in Sources */ = {isa = PBXBuildFile; fileRef = 9FBE401627DB80790054B7A1 /* CameraPreview.swift */; };
		9FBE401827DB80790054B7A1 /* CameraPreview.swift in Sources */ = {isa = PBXBuildFile; fileRef = 9FBE401627DB80790054B7A1 /* CameraPreview.swift */; };
		9FBE401D27DB90D10054B7A1 /* LibraryViewModel.swift in Sources */ = {isa = PBXBuildFile; fileRef = 9FBE401C27DB90D10054B7A1 /* LibraryViewModel.swift */; };
		9FBE401E27DB90D10054B7A1 /* LibraryViewModel.swift in Sources */ = {isa = PBXBuildFile; fileRef = 9FBE401C27DB90D10054B7A1 /* LibraryViewModel.swift */; };
		9FBE402027DB97ED0054B7A1 /* BookView.swift in Sources */ = {isa = PBXBuildFile; fileRef = 9FBE401F27DB97ED0054B7A1 /* BookView.swift */; };
		9FBE402127DB97ED0054B7A1 /* BookView.swift in Sources */ = {isa = PBXBuildFile; fileRef = 9FBE401F27DB97ED0054B7A1 /* BookView.swift */; };
		9FF3675F27E4DE96003FD5F2 /* Haptics.swift in Sources */ = {isa = PBXBuildFile; fileRef = 9FF3675E27E4DE96003FD5F2 /* Haptics.swift */; };
		9FF3676027E4DE96003FD5F2 /* Haptics.swift in Sources */ = {isa = PBXBuildFile; fileRef = 9FF3675E27E4DE96003FD5F2 /* Haptics.swift */; };
/* End PBXBuildFile section */

/* Begin PBXContainerItemProxy section */
		9FB9B34C27D1429100BBF35A /* PBXContainerItemProxy */ = {
			isa = PBXContainerItemProxy;
			containerPortal = 9FB9B33227D1429000BBF35A /* Project object */;
			proxyType = 1;
			remoteGlobalIDString = 9FB9B33D27D1429100BBF35A;
			remoteInfo = "NativeBookLibrary (iOS)";
		};
		9FB9B35827D1429100BBF35A /* PBXContainerItemProxy */ = {
			isa = PBXContainerItemProxy;
			containerPortal = 9FB9B33227D1429000BBF35A /* Project object */;
			proxyType = 1;
			remoteGlobalIDString = 9FB9B34327D1429100BBF35A;
			remoteInfo = "NativeBookLibrary (macOS)";
		};
/* End PBXContainerItemProxy section */

/* Begin PBXFileReference section */
		9F433B9F27E77B5B00824A65 /* NativeBookLibrary (iOS).entitlements */ = {isa = PBXFileReference; lastKnownFileType = text.plist.entitlements; path = "NativeBookLibrary (iOS).entitlements"; sourceTree = "<group>"; };
		9F433BAD27E8C5FE00824A65 /* KeychainItem.swift */ = {isa = PBXFileReference; lastKnownFileType = sourcecode.swift; path = KeychainItem.swift; sourceTree = "<group>"; };
		9F4F76BC27F1AF8900A20E48 /* FirebaseUser.swift */ = {isa = PBXFileReference; lastKnownFileType = sourcecode.swift; path = FirebaseUser.swift; sourceTree = "<group>"; };
		9F4F76BF27F1B3C500A20E48 /* SignInView.swift */ = {isa = PBXFileReference; lastKnownFileType = sourcecode.swift; path = SignInView.swift; sourceTree = "<group>"; };
		9F4F76C627F6142700A20E48 /* AppState.swift */ = {isa = PBXFileReference; lastKnownFileType = sourcecode.swift; path = AppState.swift; sourceTree = "<group>"; };
		9F4F76C927F6DBC100A20E48 /* ScannerCameraDelegate.swift */ = {isa = PBXFileReference; fileEncoding = 4; lastKnownFileType = sourcecode.swift; path = ScannerCameraDelegate.swift; sourceTree = "<group>"; };
		9F4F76D027F7337600A20E48 /* SplashView.swift */ = {isa = PBXFileReference; lastKnownFileType = sourcecode.swift; path = SplashView.swift; sourceTree = "<group>"; };
		9F4F76D327F7340500A20E48 /* Image.swift */ = {isa = PBXFileReference; lastKnownFileType = sourcecode.swift; path = Image.swift; sourceTree = "<group>"; };
		9F4F76D627F7418100A20E48 /* BookViewModel.swift */ = {isa = PBXFileReference; lastKnownFileType = sourcecode.swift; path = BookViewModel.swift; sourceTree = "<group>"; };
		9F4F76D927F7465F00A20E48 /* Book.swift */ = {isa = PBXFileReference; lastKnownFileType = sourcecode.swift; path = Book.swift; sourceTree = "<group>"; };
		9F5221E627EDF59F00B17E0F /* LibraryView.swift */ = {isa = PBXFileReference; lastKnownFileType = sourcecode.swift; path = LibraryView.swift; sourceTree = "<group>"; };
		9F5221E927EE006900B17E0F /* SignInWithAppleFirebase.swift */ = {isa = PBXFileReference; lastKnownFileType = sourcecode.swift; path = SignInWithAppleFirebase.swift; sourceTree = "<group>"; };
		9F62104B27E4CD0A005F94BB /* Color.swift */ = {isa = PBXFileReference; lastKnownFileType = sourcecode.swift; path = Color.swift; sourceTree = "<group>"; };
		9FB9B33727D1429000BBF35A /* NativeBookLibraryApp.swift */ = {isa = PBXFileReference; lastKnownFileType = sourcecode.swift; path = NativeBookLibraryApp.swift; sourceTree = "<group>"; };
		9FB9B33827D1429000BBF35A /* ContentView.swift */ = {isa = PBXFileReference; lastKnownFileType = sourcecode.swift; path = ContentView.swift; sourceTree = "<group>"; };
		9FB9B33927D1429100BBF35A /* Assets.xcassets */ = {isa = PBXFileReference; lastKnownFileType = folder.assetcatalog; path = Assets.xcassets; sourceTree = "<group>"; };
		9FB9B33E27D1429100BBF35A /* NativeBookLibrary.app */ = {isa = PBXFileReference; explicitFileType = wrapper.application; includeInIndex = 0; path = NativeBookLibrary.app; sourceTree = BUILT_PRODUCTS_DIR; };
		9FB9B34427D1429100BBF35A /* NativeBookLibrary.app */ = {isa = PBXFileReference; explicitFileType = wrapper.application; includeInIndex = 0; path = NativeBookLibrary.app; sourceTree = BUILT_PRODUCTS_DIR; };
		9FB9B34627D1429100BBF35A /* macOS.entitlements */ = {isa = PBXFileReference; lastKnownFileType = text.plist.entitlements; path = macOS.entitlements; sourceTree = "<group>"; };
		9FB9B34B27D1429100BBF35A /* Tests iOS.xctest */ = {isa = PBXFileReference; explicitFileType = wrapper.cfbundle; includeInIndex = 0; path = "Tests iOS.xctest"; sourceTree = BUILT_PRODUCTS_DIR; };
		9FB9B34F27D1429100BBF35A /* Tests_iOS.swift */ = {isa = PBXFileReference; lastKnownFileType = sourcecode.swift; path = Tests_iOS.swift; sourceTree = "<group>"; };
		9FB9B35127D1429100BBF35A /* Tests_iOSLaunchTests.swift */ = {isa = PBXFileReference; lastKnownFileType = sourcecode.swift; path = Tests_iOSLaunchTests.swift; sourceTree = "<group>"; };
		9FB9B35727D1429100BBF35A /* Tests macOS.xctest */ = {isa = PBXFileReference; explicitFileType = wrapper.cfbundle; includeInIndex = 0; path = "Tests macOS.xctest"; sourceTree = BUILT_PRODUCTS_DIR; };
		9FB9B35B27D1429100BBF35A /* Tests_macOS.swift */ = {isa = PBXFileReference; lastKnownFileType = sourcecode.swift; path = Tests_macOS.swift; sourceTree = "<group>"; };
		9FB9B35D27D1429100BBF35A /* Tests_macOSLaunchTests.swift */ = {isa = PBXFileReference; lastKnownFileType = sourcecode.swift; path = Tests_macOSLaunchTests.swift; sourceTree = "<group>"; };
		9FB9B37327D142EA00BBF35A /* GoogleService-Info.plist */ = {isa = PBXFileReference; fileEncoding = 4; lastKnownFileType = text.plist.xml; path = "GoogleService-Info.plist"; sourceTree = "<group>"; };
		9FBE400527DA76EB0054B7A1 /* ScannerView.swift */ = {isa = PBXFileReference; lastKnownFileType = sourcecode.swift; path = ScannerView.swift; sourceTree = "<group>"; };
		9FBE400827DA76F50054B7A1 /* ScannerViewModel.swift */ = {isa = PBXFileReference; lastKnownFileType = sourcecode.swift; path = ScannerViewModel.swift; sourceTree = "<group>"; };
		9FBE400B27DA98C60054B7A1 /* OnlineBook.swift */ = {isa = PBXFileReference; lastKnownFileType = sourcecode.swift; path = OnlineBook.swift; sourceTree = "<group>"; };
		9FBE401027DB69E90054B7A1 /* OnlineBooks.swift */ = {isa = PBXFileReference; lastKnownFileType = sourcecode.swift; path = OnlineBooks.swift; sourceTree = "<group>"; };
		9FBE401327DB80480054B7A1 /* BarcodeScannerView.swift */ = {isa = PBXFileReference; lastKnownFileType = sourcecode.swift; path = BarcodeScannerView.swift; sourceTree = "<group>"; };
		9FBE401627DB80790054B7A1 /* CameraPreview.swift */ = {isa = PBXFileReference; lastKnownFileType = sourcecode.swift; path = CameraPreview.swift; sourceTree = "<group>"; };
		9FBE401C27DB90D10054B7A1 /* LibraryViewModel.swift */ = {isa = PBXFileReference; lastKnownFileType = sourcecode.swift; path = LibraryViewModel.swift; sourceTree = "<group>"; };
		9FBE401F27DB97ED0054B7A1 /* BookView.swift */ = {isa = PBXFileReference; lastKnownFileType = sourcecode.swift; path = BookView.swift; sourceTree = "<group>"; };
		9FBE402227DBA54F0054B7A1 /* NativeBookLibrary--iOS--Info.plist */ = {isa = PBXFileReference; lastKnownFileType = text.plist; path = "NativeBookLibrary--iOS--Info.plist"; sourceTree = "<group>"; };
		9FF3675E27E4DE96003FD5F2 /* Haptics.swift */ = {isa = PBXFileReference; lastKnownFileType = sourcecode.swift; path = Haptics.swift; sourceTree = "<group>"; };
/* End PBXFileReference section */

/* Begin PBXFrameworksBuildPhase section */
		9FB9B33B27D1429100BBF35A /* Frameworks */ = {
			isa = PBXFrameworksBuildPhase;
			buildActionMask = 2147483647;
			files = (
				9F4F76CD27F6DD2100A20E48 /* FirebaseFirestoreSwift-Beta in Frameworks */,
				9FB9B37827D1450200BBF35A /* FirebaseAuth in Frameworks */,
				9FB9B37A27D1450200BBF35A /* FirebaseFirestore in Frameworks */,
			);
			runOnlyForDeploymentPostprocessing = 0;
		};
		9FB9B34127D1429100BBF35A /* Frameworks */ = {
			isa = PBXFrameworksBuildPhase;
			buildActionMask = 2147483647;
			files = (
				9F4F76CF27F6DD2900A20E48 /* FirebaseFirestoreSwift-Beta in Frameworks */,
				9FB9B37D27D1455700BBF35A /* FirebaseAuth in Frameworks */,
				9FB9B37F27D1455700BBF35A /* FirebaseFirestore in Frameworks */,
			);
			runOnlyForDeploymentPostprocessing = 0;
		};
		9FB9B34827D1429100BBF35A /* Frameworks */ = {
			isa = PBXFrameworksBuildPhase;
			buildActionMask = 2147483647;
			files = (
			);
			runOnlyForDeploymentPostprocessing = 0;
		};
		9FB9B35427D1429100BBF35A /* Frameworks */ = {
			isa = PBXFrameworksBuildPhase;
			buildActionMask = 2147483647;
			files = (
			);
			runOnlyForDeploymentPostprocessing = 0;
		};
/* End PBXFrameworksBuildPhase section */

/* Begin PBXGroup section */
		9F4F76B727F1AF6000A20E48 /* Firebase */ = {
			isa = PBXGroup;
			children = (
				9F5221E927EE006900B17E0F /* SignInWithAppleFirebase.swift */,
				9F4F76BB27F1AF8200A20E48 /* Model */,
			);
			path = Firebase;
			sourceTree = "<group>";
		};
		9F4F76BB27F1AF8200A20E48 /* Model */ = {
			isa = PBXGroup;
			children = (
				9F4F76BC27F1AF8900A20E48 /* FirebaseUser.swift */,
			);
			path = Model;
			sourceTree = "<group>";
		};
		9F5221E227EDF53300B17E0F /* App */ = {
			isa = PBXGroup;
			children = (
				9F4F76C627F6142700A20E48 /* AppState.swift */,
				9FB9B33727D1429000BBF35A /* NativeBookLibraryApp.swift */,
			);
			path = App;
			sourceTree = "<group>";
		};
		9F5221E327EDF53900B17E0F /* Helpers */ = {
			isa = PBXGroup;
			children = (
				9FF3675E27E4DE96003FD5F2 /* Haptics.swift */,
				9F433BAD27E8C5FE00824A65 /* KeychainItem.swift */,
			);
			path = Helpers;
			sourceTree = "<group>";
		};
		9F5221E427EDF54200B17E0F /* Views */ = {
			isa = PBXGroup;
			children = (
				9FBE401F27DB97ED0054B7A1 /* BookView.swift */,
				9F4F76D627F7418100A20E48 /* BookViewModel.swift */,
				9FB9B33827D1429000BBF35A /* ContentView.swift */,
				9F5221E627EDF59F00B17E0F /* LibraryView.swift */,
				9FBE401C27DB90D10054B7A1 /* LibraryViewModel.swift */,
				9F4F76BF27F1B3C500A20E48 /* SignInView.swift */,
				9F4F76D027F7337600A20E48 /* SplashView.swift */,
			);
			path = Views;
			sourceTree = "<group>";
		};
		9F5221E527EDF56500B17E0F /* Resources */ = {
			isa = PBXGroup;
			children = (
				9FB9B33927D1429100BBF35A /* Assets.xcassets */,
			);
			path = Resources;
			sourceTree = "<group>";
		};
		9F62104A27E4CD00005F94BB /* Extension */ = {
			isa = PBXGroup;
			children = (
				9F62104B27E4CD0A005F94BB /* Color.swift */,
				9F4F76D327F7340500A20E48 /* Image.swift */,
			);
			path = Extension;
			sourceTree = "<group>";
		};
		9FB9B33127D1429000BBF35A = {
			isa = PBXGroup;
			children = (
				9F433B9F27E77B5B00824A65 /* NativeBookLibrary (iOS).entitlements */,
				9FBE402227DBA54F0054B7A1 /* NativeBookLibrary--iOS--Info.plist */,
				9FB9B33627D1429000BBF35A /* Shared */,
				9FB9B34527D1429100BBF35A /* macOS */,
				9FB9B34E27D1429100BBF35A /* Tests iOS */,
				9FB9B35A27D1429100BBF35A /* Tests macOS */,
				9FB9B33F27D1429100BBF35A /* Products */,
				9FB9B37B27D1455700BBF35A /* Frameworks */,
			);
			sourceTree = "<group>";
		};
		9FB9B33627D1429000BBF35A /* Shared */ = {
			isa = PBXGroup;
			children = (
				9F5221E227EDF53300B17E0F /* App */,
				9FBE400E27DA9A130054B7A1 /* BarcodeScanner */,
				9F62104A27E4CD00005F94BB /* Extension */,
				9F4F76B727F1AF6000A20E48 /* Firebase */,
				9F5221E327EDF53900B17E0F /* Helpers */,
				9FBE400F27DB69A60054B7A1 /* Model */,
				9F5221E527EDF56500B17E0F /* Resources */,
				9F5221E427EDF54200B17E0F /* Views */,
			);
			path = Shared;
			sourceTree = "<group>";
		};
		9FB9B33F27D1429100BBF35A /* Products */ = {
			isa = PBXGroup;
			children = (
				9FB9B33E27D1429100BBF35A /* NativeBookLibrary.app */,
				9FB9B34427D1429100BBF35A /* NativeBookLibrary.app */,
				9FB9B34B27D1429100BBF35A /* Tests iOS.xctest */,
				9FB9B35727D1429100BBF35A /* Tests macOS.xctest */,
			);
			name = Products;
			sourceTree = "<group>";
		};
		9FB9B34527D1429100BBF35A /* macOS */ = {
			isa = PBXGroup;
			children = (
				9FB9B34627D1429100BBF35A /* macOS.entitlements */,
			);
			path = macOS;
			sourceTree = "<group>";
		};
		9FB9B34E27D1429100BBF35A /* Tests iOS */ = {
			isa = PBXGroup;
			children = (
				9FB9B34F27D1429100BBF35A /* Tests_iOS.swift */,
				9FB9B35127D1429100BBF35A /* Tests_iOSLaunchTests.swift */,
			);
			path = "Tests iOS";
			sourceTree = "<group>";
		};
		9FB9B35A27D1429100BBF35A /* Tests macOS */ = {
			isa = PBXGroup;
			children = (
				9FB9B35B27D1429100BBF35A /* Tests_macOS.swift */,
				9FB9B35D27D1429100BBF35A /* Tests_macOSLaunchTests.swift */,
			);
			path = "Tests macOS";
			sourceTree = "<group>";
		};
		9FB9B37B27D1455700BBF35A /* Frameworks */ = {
			isa = PBXGroup;
			children = (
			);
			name = Frameworks;
			sourceTree = "<group>";
		};
		9FBE400E27DA9A130054B7A1 /* BarcodeScanner */ = {
			isa = PBXGroup;
			children = (
				9FB9B37327D142EA00BBF35A /* GoogleService-Info.plist */,
				9FBE401327DB80480054B7A1 /* BarcodeScannerView.swift */,
				9FBE401627DB80790054B7A1 /* CameraPreview.swift */,
				9F4F76C927F6DBC100A20E48 /* ScannerCameraDelegate.swift */,
				9FBE400527DA76EB0054B7A1 /* ScannerView.swift */,
				9FBE400827DA76F50054B7A1 /* ScannerViewModel.swift */,
			);
			path = BarcodeScanner;
			sourceTree = "<group>";
		};
		9FBE400F27DB69A60054B7A1 /* Model */ = {
			isa = PBXGroup;
			children = (
				9F4F76D927F7465F00A20E48 /* Book.swift */,
				9FBE400B27DA98C60054B7A1 /* OnlineBook.swift */,
				9FBE401027DB69E90054B7A1 /* OnlineBooks.swift */,
			);
			path = Model;
			sourceTree = "<group>";
		};
/* End PBXGroup section */

/* Begin PBXNativeTarget section */
		9FB9B33D27D1429100BBF35A /* NativeBookLibrary (iOS) */ = {
			isa = PBXNativeTarget;
			buildConfigurationList = 9FB9B36727D1429100BBF35A /* Build configuration list for PBXNativeTarget "NativeBookLibrary (iOS)" */;
			buildPhases = (
				9FB9B33A27D1429100BBF35A /* Sources */,
				9FB9B33B27D1429100BBF35A /* Frameworks */,
				9FB9B33C27D1429100BBF35A /* Resources */,
			);
			buildRules = (
			);
			dependencies = (
			);
			name = "NativeBookLibrary (iOS)";
			packageProductDependencies = (
				9FB9B37727D1450200BBF35A /* FirebaseAuth */,
				9FB9B37927D1450200BBF35A /* FirebaseFirestore */,
				9F4F76CC27F6DD2100A20E48 /* FirebaseFirestoreSwift-Beta */,
			);
			productName = "NativeBookLibrary (iOS)";
			productReference = 9FB9B33E27D1429100BBF35A /* NativeBookLibrary.app */;
			productType = "com.apple.product-type.application";
		};
		9FB9B34327D1429100BBF35A /* NativeBookLibrary (macOS) */ = {
			isa = PBXNativeTarget;
			buildConfigurationList = 9FB9B36A27D1429100BBF35A /* Build configuration list for PBXNativeTarget "NativeBookLibrary (macOS)" */;
			buildPhases = (
				9FB9B34027D1429100BBF35A /* Sources */,
				9FB9B34127D1429100BBF35A /* Frameworks */,
				9FB9B34227D1429100BBF35A /* Resources */,
			);
			buildRules = (
			);
			dependencies = (
			);
			name = "NativeBookLibrary (macOS)";
			packageProductDependencies = (
				9FB9B37C27D1455700BBF35A /* FirebaseAuth */,
				9FB9B37E27D1455700BBF35A /* FirebaseFirestore */,
				9F4F76CE27F6DD2900A20E48 /* FirebaseFirestoreSwift-Beta */,
			);
			productName = "NativeBookLibrary (macOS)";
			productReference = 9FB9B34427D1429100BBF35A /* NativeBookLibrary.app */;
			productType = "com.apple.product-type.application";
		};
		9FB9B34A27D1429100BBF35A /* Tests iOS */ = {
			isa = PBXNativeTarget;
			buildConfigurationList = 9FB9B36D27D1429100BBF35A /* Build configuration list for PBXNativeTarget "Tests iOS" */;
			buildPhases = (
				9FB9B34727D1429100BBF35A /* Sources */,
				9FB9B34827D1429100BBF35A /* Frameworks */,
				9FB9B34927D1429100BBF35A /* Resources */,
			);
			buildRules = (
			);
			dependencies = (
				9FB9B34D27D1429100BBF35A /* PBXTargetDependency */,
			);
			name = "Tests iOS";
			productName = "Tests iOS";
			productReference = 9FB9B34B27D1429100BBF35A /* Tests iOS.xctest */;
			productType = "com.apple.product-type.bundle.ui-testing";
		};
		9FB9B35627D1429100BBF35A /* Tests macOS */ = {
			isa = PBXNativeTarget;
			buildConfigurationList = 9FB9B37027D1429100BBF35A /* Build configuration list for PBXNativeTarget "Tests macOS" */;
			buildPhases = (
				9FB9B35327D1429100BBF35A /* Sources */,
				9FB9B35427D1429100BBF35A /* Frameworks */,
				9FB9B35527D1429100BBF35A /* Resources */,
			);
			buildRules = (
			);
			dependencies = (
				9FB9B35927D1429100BBF35A /* PBXTargetDependency */,
			);
			name = "Tests macOS";
			productName = "Tests macOS";
			productReference = 9FB9B35727D1429100BBF35A /* Tests macOS.xctest */;
			productType = "com.apple.product-type.bundle.ui-testing";
		};
/* End PBXNativeTarget section */

/* Begin PBXProject section */
		9FB9B33227D1429000BBF35A /* Project object */ = {
			isa = PBXProject;
			attributes = {
				BuildIndependentTargetsInParallel = 1;
				LastSwiftUpdateCheck = 1310;
				LastUpgradeCheck = 1320;
				TargetAttributes = {
					9FB9B33D27D1429100BBF35A = {
						CreatedOnToolsVersion = 13.1;
					};
					9FB9B34327D1429100BBF35A = {
						CreatedOnToolsVersion = 13.1;
					};
					9FB9B34A27D1429100BBF35A = {
						CreatedOnToolsVersion = 13.1;
						TestTargetID = 9FB9B33D27D1429100BBF35A;
					};
					9FB9B35627D1429100BBF35A = {
						CreatedOnToolsVersion = 13.1;
						TestTargetID = 9FB9B34327D1429100BBF35A;
					};
				};
			};
			buildConfigurationList = 9FB9B33527D1429000BBF35A /* Build configuration list for PBXProject "NativeBookLibrary" */;
			compatibilityVersion = "Xcode 13.0";
			developmentRegion = en;
			hasScannedForEncodings = 0;
			knownRegions = (
				en,
				Base,
			);
			mainGroup = 9FB9B33127D1429000BBF35A;
			packageReferences = (
				9FB9B37627D1450200BBF35A /* XCRemoteSwiftPackageReference "firebase-ios-sdk" */,
			);
			productRefGroup = 9FB9B33F27D1429100BBF35A /* Products */;
			projectDirPath = "";
			projectRoot = "";
			targets = (
				9FB9B33D27D1429100BBF35A /* NativeBookLibrary (iOS) */,
				9FB9B34327D1429100BBF35A /* NativeBookLibrary (macOS) */,
				9FB9B34A27D1429100BBF35A /* Tests iOS */,
				9FB9B35627D1429100BBF35A /* Tests macOS */,
			);
		};
/* End PBXProject section */

/* Begin PBXResourcesBuildPhase section */
		9FB9B33C27D1429100BBF35A /* Resources */ = {
			isa = PBXResourcesBuildPhase;
			buildActionMask = 2147483647;
			files = (
				9FB9B36327D1429100BBF35A /* Assets.xcassets in Resources */,
				9FB9B37427D142EA00BBF35A /* GoogleService-Info.plist in Resources */,
			);
			runOnlyForDeploymentPostprocessing = 0;
		};
		9FB9B34227D1429100BBF35A /* Resources */ = {
			isa = PBXResourcesBuildPhase;
			buildActionMask = 2147483647;
			files = (
				9FB9B36427D1429100BBF35A /* Assets.xcassets in Resources */,
				9FB9B37527D142EA00BBF35A /* GoogleService-Info.plist in Resources */,
			);
			runOnlyForDeploymentPostprocessing = 0;
		};
		9FB9B34927D1429100BBF35A /* Resources */ = {
			isa = PBXResourcesBuildPhase;
			buildActionMask = 2147483647;
			files = (
			);
			runOnlyForDeploymentPostprocessing = 0;
		};
		9FB9B35527D1429100BBF35A /* Resources */ = {
			isa = PBXResourcesBuildPhase;
			buildActionMask = 2147483647;
			files = (
			);
			runOnlyForDeploymentPostprocessing = 0;
		};
/* End PBXResourcesBuildPhase section */

/* Begin PBXSourcesBuildPhase section */
		9FB9B33A27D1429100BBF35A /* Sources */ = {
			isa = PBXSourcesBuildPhase;
			buildActionMask = 2147483647;
			files = (
				9F5221EA27EE006A00B17E0F /* SignInWithAppleFirebase.swift in Sources */,
				9FBE400627DA76EB0054B7A1 /* ScannerView.swift in Sources */,
				9FBE401727DB80790054B7A1 /* CameraPreview.swift in Sources */,
				9FB9B36127D1429100BBF35A /* ContentView.swift in Sources */,
				9F4F76CA27F6DBC100A20E48 /* ScannerCameraDelegate.swift in Sources */,
				9F4F76D727F7418100A20E48 /* BookViewModel.swift in Sources */,
				9FB9B35F27D1429100BBF35A /* NativeBookLibraryApp.swift in Sources */,
				9F4F76C727F6142700A20E48 /* AppState.swift in Sources */,
				9F4F76DA27F7465F00A20E48 /* Book.swift in Sources */,
				9F4F76D427F7340500A20E48 /* Image.swift in Sources */,
				9FBE401D27DB90D10054B7A1 /* LibraryViewModel.swift in Sources */,
				9F62104C27E4CD0A005F94BB /* Color.swift in Sources */,
				9F433BAE27E8C5FE00824A65 /* KeychainItem.swift in Sources */,
				9FBE401427DB80480054B7A1 /* BarcodeScannerView.swift in Sources */,
				9F5221E727EDF59F00B17E0F /* LibraryView.swift in Sources */,
				9FF3675F27E4DE96003FD5F2 /* Haptics.swift in Sources */,
				9FBE400C27DA98C60054B7A1 /* OnlineBook.swift in Sources */,
				9F4F76C027F1B3C500A20E48 /* SignInView.swift in Sources */,
				9FBE400927DA76F50054B7A1 /* ScannerViewModel.swift in Sources */,
				9FBE401127DB69E90054B7A1 /* OnlineBooks.swift in Sources */,
				9F4F76D127F7337600A20E48 /* SplashView.swift in Sources */,
				9F4F76BD27F1AF8900A20E48 /* FirebaseUser.swift in Sources */,
				9FBE402027DB97ED0054B7A1 /* BookView.swift in Sources */,
			);
			runOnlyForDeploymentPostprocessing = 0;
		};
		9FB9B34027D1429100BBF35A /* Sources */ = {
			isa = PBXSourcesBuildPhase;
			buildActionMask = 2147483647;
			files = (
				9F5221EB27EE006A00B17E0F /* SignInWithAppleFirebase.swift in Sources */,
				9FF3676027E4DE96003FD5F2 /* Haptics.swift in Sources */,
				9FBE400727DA76EB0054B7A1 /* ScannerView.swift in Sources */,
				9FBE401827DB80790054B7A1 /* CameraPreview.swift in Sources */,
				9F4F76CB27F6DBC100A20E48 /* ScannerCameraDelegate.swift in Sources */,
				9F4F76D827F7418100A20E48 /* BookViewModel.swift in Sources */,
				9FB9B36227D1429100BBF35A /* ContentView.swift in Sources */,
				9F4F76C827F6142700A20E48 /* AppState.swift in Sources */,
				9F4F76DB27F7465F00A20E48 /* Book.swift in Sources */,
				9F4F76D527F7340500A20E48 /* Image.swift in Sources */,
				9FB9B36027D1429100BBF35A /* NativeBookLibraryApp.swift in Sources */,
				9F433BB627E9D55400824A65 /* Color.swift in Sources */,
				9FBE401E27DB90D10054B7A1 /* LibraryViewModel.swift in Sources */,
				9FBE401527DB80480054B7A1 /* BarcodeScannerView.swift in Sources */,
				9F5221E827EDF59F00B17E0F /* LibraryView.swift in Sources */,
				9FBE400D27DA98C60054B7A1 /* OnlineBook.swift in Sources */,
				9F433BAF27E8C5FE00824A65 /* KeychainItem.swift in Sources */,
				9F4F76C127F1B3C500A20E48 /* SignInView.swift in Sources */,
				9FBE400A27DA76F50054B7A1 /* ScannerViewModel.swift in Sources */,
				9FBE401227DB69E90054B7A1 /* OnlineBooks.swift in Sources */,
				9F4F76D227F7337600A20E48 /* SplashView.swift in Sources */,
				9F4F76BE27F1AF8900A20E48 /* FirebaseUser.swift in Sources */,
				9FBE402127DB97ED0054B7A1 /* BookView.swift in Sources */,
			);
			runOnlyForDeploymentPostprocessing = 0;
		};
		9FB9B34727D1429100BBF35A /* Sources */ = {
			isa = PBXSourcesBuildPhase;
			buildActionMask = 2147483647;
			files = (
				9FB9B35227D1429100BBF35A /* Tests_iOSLaunchTests.swift in Sources */,
				9FB9B35027D1429100BBF35A /* Tests_iOS.swift in Sources */,
			);
			runOnlyForDeploymentPostprocessing = 0;
		};
		9FB9B35327D1429100BBF35A /* Sources */ = {
			isa = PBXSourcesBuildPhase;
			buildActionMask = 2147483647;
			files = (
				9FB9B35E27D1429100BBF35A /* Tests_macOSLaunchTests.swift in Sources */,
				9FB9B35C27D1429100BBF35A /* Tests_macOS.swift in Sources */,
			);
			runOnlyForDeploymentPostprocessing = 0;
		};
/* End PBXSourcesBuildPhase section */

/* Begin PBXTargetDependency section */
		9FB9B34D27D1429100BBF35A /* PBXTargetDependency */ = {
			isa = PBXTargetDependency;
			target = 9FB9B33D27D1429100BBF35A /* NativeBookLibrary (iOS) */;
			targetProxy = 9FB9B34C27D1429100BBF35A /* PBXContainerItemProxy */;
		};
		9FB9B35927D1429100BBF35A /* PBXTargetDependency */ = {
			isa = PBXTargetDependency;
			target = 9FB9B34327D1429100BBF35A /* NativeBookLibrary (macOS) */;
			targetProxy = 9FB9B35827D1429100BBF35A /* PBXContainerItemProxy */;
		};
/* End PBXTargetDependency section */

/* Begin XCBuildConfiguration section */
		9FB9B36527D1429100BBF35A /* Debug */ = {
			isa = XCBuildConfiguration;
			buildSettings = {
				ALWAYS_SEARCH_USER_PATHS = NO;
				CLANG_ANALYZER_NONNULL = YES;
				CLANG_ANALYZER_NUMBER_OBJECT_CONVERSION = YES_AGGRESSIVE;
				CLANG_CXX_LANGUAGE_STANDARD = "gnu++17";
				CLANG_CXX_LIBRARY = "libc++";
				CLANG_ENABLE_MODULES = YES;
				CLANG_ENABLE_OBJC_ARC = YES;
				CLANG_ENABLE_OBJC_WEAK = YES;
				CLANG_WARN_BLOCK_CAPTURE_AUTORELEASING = YES;
				CLANG_WARN_BOOL_CONVERSION = YES;
				CLANG_WARN_COMMA = YES;
				CLANG_WARN_CONSTANT_CONVERSION = YES;
				CLANG_WARN_DEPRECATED_OBJC_IMPLEMENTATIONS = YES;
				CLANG_WARN_DIRECT_OBJC_ISA_USAGE = YES_ERROR;
				CLANG_WARN_DOCUMENTATION_COMMENTS = YES;
				CLANG_WARN_EMPTY_BODY = YES;
				CLANG_WARN_ENUM_CONVERSION = YES;
				CLANG_WARN_INFINITE_RECURSION = YES;
				CLANG_WARN_INT_CONVERSION = YES;
				CLANG_WARN_NON_LITERAL_NULL_CONVERSION = YES;
				CLANG_WARN_OBJC_IMPLICIT_RETAIN_SELF = YES;
				CLANG_WARN_OBJC_LITERAL_CONVERSION = YES;
				CLANG_WARN_OBJC_ROOT_CLASS = YES_ERROR;
				CLANG_WARN_QUOTED_INCLUDE_IN_FRAMEWORK_HEADER = YES;
				CLANG_WARN_RANGE_LOOP_ANALYSIS = YES;
				CLANG_WARN_STRICT_PROTOTYPES = YES;
				CLANG_WARN_SUSPICIOUS_MOVE = YES;
				CLANG_WARN_UNGUARDED_AVAILABILITY = YES_AGGRESSIVE;
				CLANG_WARN_UNREACHABLE_CODE = YES;
				CLANG_WARN__DUPLICATE_METHOD_MATCH = YES;
				COPY_PHASE_STRIP = NO;
				DEBUG_INFORMATION_FORMAT = dwarf;
				ENABLE_STRICT_OBJC_MSGSEND = YES;
				ENABLE_TESTABILITY = YES;
				GCC_C_LANGUAGE_STANDARD = gnu11;
				GCC_DYNAMIC_NO_PIC = NO;
				GCC_NO_COMMON_BLOCKS = YES;
				GCC_OPTIMIZATION_LEVEL = 0;
				GCC_PREPROCESSOR_DEFINITIONS = (
					"DEBUG=1",
					"$(inherited)",
				);
				GCC_WARN_64_TO_32_BIT_CONVERSION = YES;
				GCC_WARN_ABOUT_RETURN_TYPE = YES_ERROR;
				GCC_WARN_UNDECLARED_SELECTOR = YES;
				GCC_WARN_UNINITIALIZED_AUTOS = YES_AGGRESSIVE;
				GCC_WARN_UNUSED_FUNCTION = YES;
				GCC_WARN_UNUSED_VARIABLE = YES;
				MTL_ENABLE_DEBUG_INFO = INCLUDE_SOURCE;
				MTL_FAST_MATH = YES;
				ONLY_ACTIVE_ARCH = YES;
				SWIFT_ACTIVE_COMPILATION_CONDITIONS = DEBUG;
				SWIFT_OPTIMIZATION_LEVEL = "-Onone";
			};
			name = Debug;
		};
		9FB9B36627D1429100BBF35A /* Release */ = {
			isa = XCBuildConfiguration;
			buildSettings = {
				ALWAYS_SEARCH_USER_PATHS = NO;
				CLANG_ANALYZER_NONNULL = YES;
				CLANG_ANALYZER_NUMBER_OBJECT_CONVERSION = YES_AGGRESSIVE;
				CLANG_CXX_LANGUAGE_STANDARD = "gnu++17";
				CLANG_CXX_LIBRARY = "libc++";
				CLANG_ENABLE_MODULES = YES;
				CLANG_ENABLE_OBJC_ARC = YES;
				CLANG_ENABLE_OBJC_WEAK = YES;
				CLANG_WARN_BLOCK_CAPTURE_AUTORELEASING = YES;
				CLANG_WARN_BOOL_CONVERSION = YES;
				CLANG_WARN_COMMA = YES;
				CLANG_WARN_CONSTANT_CONVERSION = YES;
				CLANG_WARN_DEPRECATED_OBJC_IMPLEMENTATIONS = YES;
				CLANG_WARN_DIRECT_OBJC_ISA_USAGE = YES_ERROR;
				CLANG_WARN_DOCUMENTATION_COMMENTS = YES;
				CLANG_WARN_EMPTY_BODY = YES;
				CLANG_WARN_ENUM_CONVERSION = YES;
				CLANG_WARN_INFINITE_RECURSION = YES;
				CLANG_WARN_INT_CONVERSION = YES;
				CLANG_WARN_NON_LITERAL_NULL_CONVERSION = YES;
				CLANG_WARN_OBJC_IMPLICIT_RETAIN_SELF = YES;
				CLANG_WARN_OBJC_LITERAL_CONVERSION = YES;
				CLANG_WARN_OBJC_ROOT_CLASS = YES_ERROR;
				CLANG_WARN_QUOTED_INCLUDE_IN_FRAMEWORK_HEADER = YES;
				CLANG_WARN_RANGE_LOOP_ANALYSIS = YES;
				CLANG_WARN_STRICT_PROTOTYPES = YES;
				CLANG_WARN_SUSPICIOUS_MOVE = YES;
				CLANG_WARN_UNGUARDED_AVAILABILITY = YES_AGGRESSIVE;
				CLANG_WARN_UNREACHABLE_CODE = YES;
				CLANG_WARN__DUPLICATE_METHOD_MATCH = YES;
				COPY_PHASE_STRIP = NO;
				DEBUG_INFORMATION_FORMAT = "dwarf-with-dsym";
				ENABLE_NS_ASSERTIONS = NO;
				ENABLE_STRICT_OBJC_MSGSEND = YES;
				GCC_C_LANGUAGE_STANDARD = gnu11;
				GCC_NO_COMMON_BLOCKS = YES;
				GCC_WARN_64_TO_32_BIT_CONVERSION = YES;
				GCC_WARN_ABOUT_RETURN_TYPE = YES_ERROR;
				GCC_WARN_UNDECLARED_SELECTOR = YES;
				GCC_WARN_UNINITIALIZED_AUTOS = YES_AGGRESSIVE;
				GCC_WARN_UNUSED_FUNCTION = YES;
				GCC_WARN_UNUSED_VARIABLE = YES;
				MTL_ENABLE_DEBUG_INFO = NO;
				MTL_FAST_MATH = YES;
				SWIFT_COMPILATION_MODE = wholemodule;
				SWIFT_OPTIMIZATION_LEVEL = "-O";
			};
			name = Release;
		};
		9FB9B36827D1429100BBF35A /* Debug */ = {
			isa = XCBuildConfiguration;
			buildSettings = {
				ASSETCATALOG_COMPILER_APPICON_NAME = AppIcon;
				ASSETCATALOG_COMPILER_GLOBAL_ACCENT_COLOR_NAME = AccentColor;
				CODE_SIGN_ENTITLEMENTS = "NativeBookLibrary (iOS).entitlements";
				CODE_SIGN_STYLE = Automatic;
				CURRENT_PROJECT_VERSION = 1;
				DEVELOPMENT_TEAM = BR5TD8Z784;
				ENABLE_PREVIEWS = YES;
				GENERATE_INFOPLIST_FILE = YES;
				INFOPLIST_FILE = "NativeBookLibrary--iOS--Info.plist";
				INFOPLIST_KEY_CFBundleDisplayName = "Native Library";
				INFOPLIST_KEY_NSCameraUsageDescription = "Access requried to allow scanning of books";
				INFOPLIST_KEY_UIApplicationSceneManifest_Generation = YES;
				INFOPLIST_KEY_UIApplicationSupportsIndirectInputEvents = YES;
				INFOPLIST_KEY_UISupportedInterfaceOrientations_iPad = "UIInterfaceOrientationPortrait UIInterfaceOrientationPortraitUpsideDown UIInterfaceOrientationLandscapeLeft UIInterfaceOrientationLandscapeRight";
				INFOPLIST_KEY_UISupportedInterfaceOrientations_iPhone = "UIInterfaceOrientationPortrait UIInterfaceOrientationLandscapeLeft UIInterfaceOrientationLandscapeRight";
				IPHONEOS_DEPLOYMENT_TARGET = 15.0;
				LD_RUNPATH_SEARCH_PATHS = (
					"$(inherited)",
					"@executable_path/Frameworks",
				);
				MARKETING_VERSION = 1.0;
				PRODUCT_BUNDLE_IDENTIFIER = com.skybet.NativeBookLibrary;
				PRODUCT_NAME = NativeBookLibrary;
				SDKROOT = iphoneos;
				SWIFT_EMIT_LOC_STRINGS = YES;
				SWIFT_VERSION = 5.0;
				TARGETED_DEVICE_FAMILY = "1,2";
			};
			name = Debug;
		};
		9FB9B36927D1429100BBF35A /* Release */ = {
			isa = XCBuildConfiguration;
			buildSettings = {
				ASSETCATALOG_COMPILER_APPICON_NAME = AppIcon;
				ASSETCATALOG_COMPILER_GLOBAL_ACCENT_COLOR_NAME = AccentColor;
				CODE_SIGN_ENTITLEMENTS = "NativeBookLibrary (iOS).entitlements";
				CODE_SIGN_STYLE = Automatic;
				CURRENT_PROJECT_VERSION = 1;
				DEVELOPMENT_TEAM = BR5TD8Z784;
				ENABLE_PREVIEWS = YES;
				GENERATE_INFOPLIST_FILE = YES;
				INFOPLIST_FILE = "NativeBookLibrary--iOS--Info.plist";
				INFOPLIST_KEY_CFBundleDisplayName = "Native Library";
				INFOPLIST_KEY_NSCameraUsageDescription = "Access requried to allow scanning of books";
				INFOPLIST_KEY_UIApplicationSceneManifest_Generation = YES;
				INFOPLIST_KEY_UIApplicationSupportsIndirectInputEvents = YES;
				INFOPLIST_KEY_UISupportedInterfaceOrientations_iPad = "UIInterfaceOrientationPortrait UIInterfaceOrientationPortraitUpsideDown UIInterfaceOrientationLandscapeLeft UIInterfaceOrientationLandscapeRight";
				INFOPLIST_KEY_UISupportedInterfaceOrientations_iPhone = "UIInterfaceOrientationPortrait UIInterfaceOrientationLandscapeLeft UIInterfaceOrientationLandscapeRight";
				IPHONEOS_DEPLOYMENT_TARGET = 15.0;
				LD_RUNPATH_SEARCH_PATHS = (
					"$(inherited)",
					"@executable_path/Frameworks",
				);
				MARKETING_VERSION = 1.0;
				PRODUCT_BUNDLE_IDENTIFIER = com.skybet.NativeBookLibrary;
				PRODUCT_NAME = NativeBookLibrary;
				SDKROOT = iphoneos;
				SWIFT_EMIT_LOC_STRINGS = YES;
				SWIFT_VERSION = 5.0;
				TARGETED_DEVICE_FAMILY = "1,2";
				VALIDATE_PRODUCT = YES;
			};
			name = Release;
		};
		9FB9B36B27D1429100BBF35A /* Debug */ = {
			isa = XCBuildConfiguration;
			buildSettings = {
				ASSETCATALOG_COMPILER_APPICON_NAME = AppIcon;
				ASSETCATALOG_COMPILER_GLOBAL_ACCENT_COLOR_NAME = AccentColor;
				CODE_SIGN_ENTITLEMENTS = macOS/macOS.entitlements;
				CODE_SIGN_IDENTITY = "-";
				CODE_SIGN_STYLE = Automatic;
				COMBINE_HIDPI_IMAGES = YES;
				CURRENT_PROJECT_VERSION = 1;
				DEVELOPMENT_TEAM = BR5TD8Z784;
				ENABLE_HARDENED_RUNTIME = YES;
				ENABLE_PREVIEWS = YES;
				GENERATE_INFOPLIST_FILE = YES;
				INFOPLIST_KEY_NSHumanReadableCopyright = "";
				LD_RUNPATH_SEARCH_PATHS = (
					"$(inherited)",
					"@executable_path/../Frameworks",
				);
				MACOSX_DEPLOYMENT_TARGET = 12.0;
				MARKETING_VERSION = 1.0;
				PRODUCT_BUNDLE_IDENTIFIER = com.skybet.NativeBookLibrary;
				PRODUCT_NAME = NativeBookLibrary;
				SDKROOT = macosx;
				SWIFT_EMIT_LOC_STRINGS = YES;
				SWIFT_VERSION = 5.0;
			};
			name = Debug;
		};
		9FB9B36C27D1429100BBF35A /* Release */ = {
			isa = XCBuildConfiguration;
			buildSettings = {
				ASSETCATALOG_COMPILER_APPICON_NAME = AppIcon;
				ASSETCATALOG_COMPILER_GLOBAL_ACCENT_COLOR_NAME = AccentColor;
				CODE_SIGN_ENTITLEMENTS = macOS/macOS.entitlements;
				CODE_SIGN_IDENTITY = "-";
				CODE_SIGN_STYLE = Automatic;
				COMBINE_HIDPI_IMAGES = YES;
				CURRENT_PROJECT_VERSION = 1;
				DEVELOPMENT_TEAM = BR5TD8Z784;
				ENABLE_HARDENED_RUNTIME = YES;
				ENABLE_PREVIEWS = YES;
				GENERATE_INFOPLIST_FILE = YES;
				INFOPLIST_KEY_NSHumanReadableCopyright = "";
				LD_RUNPATH_SEARCH_PATHS = (
					"$(inherited)",
					"@executable_path/../Frameworks",
				);
				MACOSX_DEPLOYMENT_TARGET = 12.0;
				MARKETING_VERSION = 1.0;
				PRODUCT_BUNDLE_IDENTIFIER = com.skybet.NativeBookLibrary;
				PRODUCT_NAME = NativeBookLibrary;
				SDKROOT = macosx;
				SWIFT_EMIT_LOC_STRINGS = YES;
				SWIFT_VERSION = 5.0;
			};
			name = Release;
		};
		9FB9B36E27D1429100BBF35A /* Debug */ = {
			isa = XCBuildConfiguration;
			buildSettings = {
				ALWAYS_EMBED_SWIFT_STANDARD_LIBRARIES = YES;
				CODE_SIGN_STYLE = Automatic;
				CURRENT_PROJECT_VERSION = 1;
				DEVELOPMENT_TEAM = 5337HLKKD5;
				GENERATE_INFOPLIST_FILE = YES;
				IPHONEOS_DEPLOYMENT_TARGET = 15.0;
				LD_RUNPATH_SEARCH_PATHS = (
					"$(inherited)",
					"@executable_path/Frameworks",
					"@loader_path/Frameworks",
				);
				MARKETING_VERSION = 1.0;
				PRODUCT_BUNDLE_IDENTIFIER = "com.skybet.Tests-iOS";
				PRODUCT_NAME = "$(TARGET_NAME)";
				SDKROOT = iphoneos;
				SWIFT_EMIT_LOC_STRINGS = NO;
				SWIFT_VERSION = 5.0;
				TARGETED_DEVICE_FAMILY = "1,2";
				TEST_TARGET_NAME = "NativeBookLibrary (iOS)";
			};
			name = Debug;
		};
		9FB9B36F27D1429100BBF35A /* Release */ = {
			isa = XCBuildConfiguration;
			buildSettings = {
				ALWAYS_EMBED_SWIFT_STANDARD_LIBRARIES = YES;
				CODE_SIGN_STYLE = Automatic;
				CURRENT_PROJECT_VERSION = 1;
				DEVELOPMENT_TEAM = 5337HLKKD5;
				GENERATE_INFOPLIST_FILE = YES;
				IPHONEOS_DEPLOYMENT_TARGET = 15.0;
				LD_RUNPATH_SEARCH_PATHS = (
					"$(inherited)",
					"@executable_path/Frameworks",
					"@loader_path/Frameworks",
				);
				MARKETING_VERSION = 1.0;
				PRODUCT_BUNDLE_IDENTIFIER = "com.skybet.Tests-iOS";
				PRODUCT_NAME = "$(TARGET_NAME)";
				SDKROOT = iphoneos;
				SWIFT_EMIT_LOC_STRINGS = NO;
				SWIFT_VERSION = 5.0;
				TARGETED_DEVICE_FAMILY = "1,2";
				TEST_TARGET_NAME = "NativeBookLibrary (iOS)";
				VALIDATE_PRODUCT = YES;
			};
			name = Release;
		};
		9FB9B37127D1429100BBF35A /* Debug */ = {
			isa = XCBuildConfiguration;
			buildSettings = {
				ALWAYS_EMBED_SWIFT_STANDARD_LIBRARIES = YES;
				CODE_SIGN_STYLE = Automatic;
				COMBINE_HIDPI_IMAGES = YES;
				CURRENT_PROJECT_VERSION = 1;
				DEVELOPMENT_TEAM = 5337HLKKD5;
				GENERATE_INFOPLIST_FILE = YES;
				LD_RUNPATH_SEARCH_PATHS = (
					"$(inherited)",
					"@executable_path/../Frameworks",
					"@loader_path/../Frameworks",
				);
				MACOSX_DEPLOYMENT_TARGET = 12.0;
				MARKETING_VERSION = 1.0;
				PRODUCT_BUNDLE_IDENTIFIER = "com.skybet.Tests-macOS";
				PRODUCT_NAME = "$(TARGET_NAME)";
				SDKROOT = macosx;
				SWIFT_EMIT_LOC_STRINGS = NO;
				SWIFT_VERSION = 5.0;
				TEST_TARGET_NAME = "NativeBookLibrary (macOS)";
			};
			name = Debug;
		};
		9FB9B37227D1429100BBF35A /* Release */ = {
			isa = XCBuildConfiguration;
			buildSettings = {
				ALWAYS_EMBED_SWIFT_STANDARD_LIBRARIES = YES;
				CODE_SIGN_STYLE = Automatic;
				COMBINE_HIDPI_IMAGES = YES;
				CURRENT_PROJECT_VERSION = 1;
				DEVELOPMENT_TEAM = 5337HLKKD5;
				GENERATE_INFOPLIST_FILE = YES;
				LD_RUNPATH_SEARCH_PATHS = (
					"$(inherited)",
					"@executable_path/../Frameworks",
					"@loader_path/../Frameworks",
				);
				MACOSX_DEPLOYMENT_TARGET = 12.0;
				MARKETING_VERSION = 1.0;
				PRODUCT_BUNDLE_IDENTIFIER = "com.skybet.Tests-macOS";
				PRODUCT_NAME = "$(TARGET_NAME)";
				SDKROOT = macosx;
				SWIFT_EMIT_LOC_STRINGS = NO;
				SWIFT_VERSION = 5.0;
				TEST_TARGET_NAME = "NativeBookLibrary (macOS)";
			};
			name = Release;
		};
/* End XCBuildConfiguration section */

/* Begin XCConfigurationList section */
		9FB9B33527D1429000BBF35A /* Build configuration list for PBXProject "NativeBookLibrary" */ = {
			isa = XCConfigurationList;
			buildConfigurations = (
				9FB9B36527D1429100BBF35A /* Debug */,
				9FB9B36627D1429100BBF35A /* Release */,
			);
			defaultConfigurationIsVisible = 0;
			defaultConfigurationName = Release;
		};
		9FB9B36727D1429100BBF35A /* Build configuration list for PBXNativeTarget "NativeBookLibrary (iOS)" */ = {
			isa = XCConfigurationList;
			buildConfigurations = (
				9FB9B36827D1429100BBF35A /* Debug */,
				9FB9B36927D1429100BBF35A /* Release */,
			);
			defaultConfigurationIsVisible = 0;
			defaultConfigurationName = Release;
		};
		9FB9B36A27D1429100BBF35A /* Build configuration list for PBXNativeTarget "NativeBookLibrary (macOS)" */ = {
			isa = XCConfigurationList;
			buildConfigurations = (
				9FB9B36B27D1429100BBF35A /* Debug */,
				9FB9B36C27D1429100BBF35A /* Release */,
			);
			defaultConfigurationIsVisible = 0;
			defaultConfigurationName = Release;
		};
		9FB9B36D27D1429100BBF35A /* Build configuration list for PBXNativeTarget "Tests iOS" */ = {
			isa = XCConfigurationList;
			buildConfigurations = (
				9FB9B36E27D1429100BBF35A /* Debug */,
				9FB9B36F27D1429100BBF35A /* Release */,
			);
			defaultConfigurationIsVisible = 0;
			defaultConfigurationName = Release;
		};
		9FB9B37027D1429100BBF35A /* Build configuration list for PBXNativeTarget "Tests macOS" */ = {
			isa = XCConfigurationList;
			buildConfigurations = (
				9FB9B37127D1429100BBF35A /* Debug */,
				9FB9B37227D1429100BBF35A /* Release */,
			);
			defaultConfigurationIsVisible = 0;
			defaultConfigurationName = Release;
		};
/* End XCConfigurationList section */

/* Begin XCRemoteSwiftPackageReference section */
		9FB9B37627D1450200BBF35A /* XCRemoteSwiftPackageReference "firebase-ios-sdk" */ = {
			isa = XCRemoteSwiftPackageReference;
			repositoryURL = "https://github.com/firebase/firebase-ios-sdk";
			requirement = {
				kind = upToNextMajorVersion;
				minimumVersion = 8.0.0;
			};
		};
/* End XCRemoteSwiftPackageReference section */

/* Begin XCSwiftPackageProductDependency section */
		9F4F76CC27F6DD2100A20E48 /* FirebaseFirestoreSwift-Beta */ = {
			isa = XCSwiftPackageProductDependency;
			package = 9FB9B37627D1450200BBF35A /* XCRemoteSwiftPackageReference "firebase-ios-sdk" */;
			productName = "FirebaseFirestoreSwift-Beta";
		};
		9F4F76CE27F6DD2900A20E48 /* FirebaseFirestoreSwift-Beta */ = {
			isa = XCSwiftPackageProductDependency;
			package = 9FB9B37627D1450200BBF35A /* XCRemoteSwiftPackageReference "firebase-ios-sdk" */;
			productName = "FirebaseFirestoreSwift-Beta";
		};
		9FB9B37727D1450200BBF35A /* FirebaseAuth */ = {
			isa = XCSwiftPackageProductDependency;
			package = 9FB9B37627D1450200BBF35A /* XCRemoteSwiftPackageReference "firebase-ios-sdk" */;
			productName = FirebaseAuth;
		};
		9FB9B37927D1450200BBF35A /* FirebaseFirestore */ = {
			isa = XCSwiftPackageProductDependency;
			package = 9FB9B37627D1450200BBF35A /* XCRemoteSwiftPackageReference "firebase-ios-sdk" */;
			productName = FirebaseFirestore;
		};
		9FB9B37C27D1455700BBF35A /* FirebaseAuth */ = {
			isa = XCSwiftPackageProductDependency;
			package = 9FB9B37627D1450200BBF35A /* XCRemoteSwiftPackageReference "firebase-ios-sdk" */;
			productName = FirebaseAuth;
		};
		9FB9B37E27D1455700BBF35A /* FirebaseFirestore */ = {
			isa = XCSwiftPackageProductDependency;
			package = 9FB9B37627D1450200BBF35A /* XCRemoteSwiftPackageReference "firebase-ios-sdk" */;
			productName = FirebaseFirestore;
		};
/* End XCSwiftPackageProductDependency section */
	};
	rootObject = 9FB9B33227D1429000BBF35A /* Project object */;
}
